
Microsoft Visual Studio Solution File, Format Version 12.00
# Visual Studio Version 16
VisualStudioVersion = 16.0.29009.5
MinimumVisualStudioVersion = 10.0.40219.1
Project("{FAE04EC0-301F-11D3-BF4B-00C04F79EFBC}") = "NetworkGuard", "NetworkGuard\NetworkGuard.csproj", "{8B57E482-B4EC-406B-A062-4542BAC0CF9F}"
EndProject
Global
	GlobalSection(SolutionConfigurationPlatforms) = preSolution
		Debug|Any CPU = Debug|Any CPU
		Release|Any CPU = Release|Any CPU
	EndGlobalSection
	GlobalSection(ProjectConfigurationPlatforms) = postSolution
		{8B57E482-B4EC-406B-A062-4542BAC0CF9F}.Debug|Any CPU.ActiveCfg = Debug|Any CPU
		{8B57E482-B4EC-406B-A062-4542BAC0CF9F}.Debug|Any CPU.Build.0 = Debug|Any CPU
		{8B57E482-B4EC-406B-A062-4542BAC0CF9F}.Release|Any CPU.ActiveCfg = Release|Any CPU
		{8B57E482-B4EC-406B-A062-4542BAC0CF9F}.Release|Any CPU.Build.0 = Release|Any CPU
	EndGlobalSection
	GlobalSection(SolutionProperties) = preSolution
		HideSolutionNode = FALSE
	EndGlobalSection
	GlobalSection(ExtensibilityGlobals) = postSolution
		SolutionGuid = {FB2207EC-8292-4502-B7CF-0FBE39591481}
	EndGlobalSection
EndGlobal
